PODS:
  - "!ProtoCompiler (3.6.0)":
    - Protobuf (~> 3.0)
  - "!ProtoCompiler-gRPCPlugin (1.16.0)":
    - "!ProtoCompiler (= 3.6.0)"
    - gRPC-ProtoRPC (= 1.16.0)
  - BoringSSL-GRPC (0.0.2):
    - BoringSSL-GRPC/Implementation (= 0.0.2)
    - BoringSSL-GRPC/Interface (= 0.0.2)
  - BoringSSL-GRPC/Implementation (0.0.2):
    - BoringSSL-GRPC/Interface (= 0.0.2)
  - BoringSSL-GRPC/Interface (0.0.2)
  - gRPC (1.16.0):
    - gRPC-RxLibrary (= 1.16.0)
    - gRPC/Main (= 1.16.0)
  - gRPC-Core (1.16.0):
    - gRPC-Core/Implementation (= 1.16.0)
    - gRPC-Core/Interface (= 1.16.0)
  - gRPC-Core/Implementation (1.16.0):
    - BoringSSL-GRPC (= 0.0.2)
    - gRPC-Core/Interface (= 1.16.0)
    - nanopb (~> 0.3)
  - gRPC-Core/Interface (1.16.0)
  - gRPC-ProtoRPC (1.16.0):
    - gRPC-ProtoRPC/Main (= 1.16.0)
  - gRPC-ProtoRPC/Main (1.16.0):
    - gRPC (= 1.16.0)
    - gRPC-RxLibrary (= 1.16.0)
    - Protobuf (~> 3.0)
  - gRPC-RxLibrary (1.16.0)
  - gRPC/Main (1.16.0):
    - gRPC-Core (= 1.16.0)
    - gRPC-RxLibrary (= 1.16.0)
  - nanopb (0.3.901):
    - nanopb/decode (= 0.3.901)
    - nanopb/encode (= 0.3.901)
  - nanopb/decode (0.3.901)
  - nanopb/encode (0.3.901)
  - Protobuf (3.6.1)
  - SogouSpeech (1.0.2):
    - "!ProtoCompiler-gRPCPlugin (~> 1.0)"
    - SogouSpeech/Messages (= 1.0.2)
    - SogouSpeech/Services (= 1.0.2)
  - SogouSpeech/Messages (1.0.2):
    - "!ProtoCompiler-gRPCPlugin (~> 1.0)"
    - Protobuf
  - SogouSpeech/Services (1.0.2):
    - "!ProtoCompiler-gRPCPlugin (~> 1.0)"
    - gRPC-ProtoRPC
    - SogouSpeech/Messages

DEPENDENCIES:
  - SogouSpeech (from `.`)

SPEC REPOS:
  https://github.com/cocoapods/specs.git:
    - "!ProtoCompiler"
    - "!ProtoCompiler-gRPCPlugin"
    - BoringSSL-GRPC
    - gRPC
    - gRPC-Core
    - gRPC-ProtoRPC
    - gRPC-RxLibrary
    - nanopb
    - Protobuf

EXTERNAL SOURCES:
  SogouSpeech:
    :path: "."

SPEC CHECKSUMS:
  "!ProtoCompiler": c9526df99fafd398a393def617ae18d3774b7232
  "!ProtoCompiler-gRPCPlugin": 869a2281c6d655f7ed7b9b947c52171e21ebe346
  BoringSSL-GRPC: 2a230d9cd93e7ce39916044f645cebb31f37dde6
  gRPC: e35d5286c526bb4dd03662a314dce9599b83b3a5
  gRPC-Core: 24f0344f259b87b477cfd50e1c80a743bbc48113
  gRPC-ProtoRPC: 3d07afd59f65bf29f0456724978035d2d12e903e
  gRPC-RxLibrary: a4bfc6fbb4fb5ed45f85a2317435bc08ace76ac5
  nanopb: 2901f78ea1b7b4015c860c2fdd1ea2fee1a18d48
  Protobuf: 1eb9700044745f00181c136ef21b8ff3ad5a0fd5
  SogouSpeech: 0f71c33fc3cea5e05ac8378b73a1382f598cb72e

PODFILE CHECKSUM: 432bf0bc437e8023c39127c4cc0555a356975cee

COCOAPODS: 1.6.0.beta.1
